// !$*UTF8*$!
{
	archiveVersion = 1;
	classes = {
	};
	objectVersion = 53;
	objects = {

/* Begin PBXBuildFile section */
		233510C327C04D000057C4F0 /* FiraCode-Medium.ttf in Resources */ = {isa = PBXBuildFile; fileRef = 233510BE27C04D000057C4F0 /* FiraCode-Medium.ttf */; };
		233510C427C04D000057C4F0 /* FiraCode-Light.ttf in Resources */ = {isa = PBXBuildFile; fileRef = 233510BF27C04D000057C4F0 /* FiraCode-Light.ttf */; };
		233510C527C04D000057C4F0 /* FiraCode-Bold.ttf in Resources */ = {isa = PBXBuildFile; fileRef = 233510C027C04D000057C4F0 /* FiraCode-Bold.ttf */; };
		233510C627C04D000057C4F0 /* FiraCode-Regular.ttf in Resources */ = {isa = PBXBuildFile; fileRef = 233510C127C04D000057C4F0 /* FiraCode-Regular.ttf */; };
		233510C727C04D000057C4F0 /* FiraCode-SemiBold.ttf in Resources */ = {isa = PBXBuildFile; fileRef = 233510C227C04D000057C4F0 /* FiraCode-SemiBold.ttf */; };
		2339FA72280BB9C7008E7825 /* ToDoObjectEditor.swift in Sources */ = {isa = PBXBuildFile; fileRef = 2339FA71280BB9C7008E7825 /* ToDoObjectEditor.swift */; };
		234B49AB27C03CA20067C98A /* FontAshot.swift in Sources */ = {isa = PBXBuildFile; fileRef = 234B49AA27C03CA20067C98A /* FontAshot.swift */; };
		2354EED327C3576C002FAEF0 /* Date+Minus.swift in Sources */ = {isa = PBXBuildFile; fileRef = 2354EED227C3576C002FAEF0 /* Date+Minus.swift */; };
		23CA693D279D2AB0001F5D24 /* TodotikApp.swift in Sources */ = {isa = PBXBuildFile; fileRef = 23CA693C279D2AB0001F5D24 /* TodotikApp.swift */; };
		23CA693F279D2AB0001F5D24 /* TodotikView.swift in Sources */ = {isa = PBXBuildFile; fileRef = 23CA693E279D2AB0001F5D24 /* TodotikView.swift */; };
		23CA6941279D2AB1001F5D24 /* Assets.xcassets in Resources */ = {isa = PBXBuildFile; fileRef = 23CA6940279D2AB1001F5D24 /* Assets.xcassets */; };
		23CA6944279D2AB1001F5D24 /* Preview Assets.xcassets in Resources */ = {isa = PBXBuildFile; fileRef = 23CA6943279D2AB1001F5D24 /* Preview Assets.xcassets */; };
		23DF8043279F255500440AEB /* ToDo.swift in Sources */ = {isa = PBXBuildFile; fileRef = 23DF8042279F255500440AEB /* ToDo.swift */; };
		23DF8045279F256400440AEB /* Todotik.swift in Sources */ = {isa = PBXBuildFile; fileRef = 23DF8044279F256400440AEB /* Todotik.swift */; };
		23DFBC5E27BA30D1006BC799 /* TextField+ClearButton.swift in Sources */ = {isa = PBXBuildFile; fileRef = 23DFBC5D27BA30D1006BC799 /* TextField+ClearButton.swift */; };
		23F9286C27C0C646004B1BDD /* AddToDoView.swift in Sources */ = {isa = PBXBuildFile; fileRef = 23F9286B27C0C646004B1BDD /* AddToDoView.swift */; };
/* End PBXBuildFile section */

/* Begin PBXFileReference section */
		233510BE27C04D000057C4F0 /* FiraCode-Medium.ttf */ = {isa = PBXFileReference; lastKnownFileType = file; path = "FiraCode-Medium.ttf"; sourceTree = "<group>"; };
		233510BF27C04D000057C4F0 /* FiraCode-Light.ttf */ = {isa = PBXFileReference; lastKnownFileType = file; path = "FiraCode-Light.ttf"; sourceTree = "<group>"; };
		233510C027C04D000057C4F0 /* FiraCode-Bold.ttf */ = {isa = PBXFileReference; lastKnownFileType = file; path = "FiraCode-Bold.ttf"; sourceTree = "<group>"; };
		233510C127C04D000057C4F0 /* FiraCode-Regular.ttf */ = {isa = PBXFileReference; lastKnownFileType = file; path = "FiraCode-Regular.ttf"; sourceTree = "<group>"; };
		233510C227C04D000057C4F0 /* FiraCode-SemiBold.ttf */ = {isa = PBXFileReference; lastKnownFileType = file; path = "FiraCode-SemiBold.ttf"; sourceTree = "<group>"; };
		2339FA71280BB9C7008E7825 /* ToDoObjectEditor.swift */ = {isa = PBXFileReference; lastKnownFileType = sourcecode.swift; path = ToDoObjectEditor.swift; sourceTree = "<group>"; };
		234B49AA27C03CA20067C98A /* FontAshot.swift */ = {isa = PBXFileReference; lastKnownFileType = sourcecode.swift; path = FontAshot.swift; sourceTree = "<group>"; };
		2354EED227C3576C002FAEF0 /* Date+Minus.swift */ = {isa = PBXFileReference; lastKnownFileType = sourcecode.swift; path = "Date+Minus.swift"; sourceTree = "<group>"; };
		23CA6939279D2AB0001F5D24 /* Todotik.app */ = {isa = PBXFileReference; explicitFileType = wrapper.application; includeInIndex = 0; path = Todotik.app; sourceTree = BUILT_PRODUCTS_DIR; };
		23CA693C279D2AB0001F5D24 /* TodotikApp.swift */ = {isa = PBXFileReference; lastKnownFileType = sourcecode.swift; path = TodotikApp.swift; sourceTree = "<group>"; };
		23CA693E279D2AB0001F5D24 /* TodotikView.swift */ = {isa = PBXFileReference; lastKnownFileType = sourcecode.swift; path = TodotikView.swift; sourceTree = "<group>"; };
		23CA6940279D2AB1001F5D24 /* Assets.xcassets */ = {isa = PBXFileReference; lastKnownFileType = folder.assetcatalog; path = Assets.xcassets; sourceTree = "<group>"; };
		23CA6943279D2AB1001F5D24 /* Preview Assets.xcassets */ = {isa = PBXFileReference; lastKnownFileType = folder.assetcatalog; path = "Preview Assets.xcassets"; sourceTree = "<group>"; };
		23DF8042279F255500440AEB /* ToDo.swift */ = {isa = PBXFileReference; lastKnownFileType = sourcecode.swift; path = ToDo.swift; sourceTree = "<group>"; };
		23DF8044279F256400440AEB /* Todotik.swift */ = {isa = PBXFileReference; lastKnownFileType = sourcecode.swift; path = Todotik.swift; sourceTree = "<group>"; };
		23DFBC5D27BA30D1006BC799 /* TextField+ClearButton.swift */ = {isa = PBXFileReference; lastKnownFileType = sourcecode.swift; path = "TextField+ClearButton.swift"; sourceTree = "<group>"; };
		23F9286B27C0C646004B1BDD /* AddToDoView.swift */ = {isa = PBXFileReference; lastKnownFileType = sourcecode.swift; path = AddToDoView.swift; sourceTree = "<group>"; };
/* End PBXFileReference section */

/* Begin PBXFrameworksBuildPhase section */
		23CA6936279D2AB0001F5D24 /* Frameworks */ = {
			isa = PBXFrameworksBuildPhase;
			buildActionMask = 2147483647;
			files = (
			);
			runOnlyForDeploymentPostprocessing = 0;
		};
/* End PBXFrameworksBuildPhase section */

/* Begin PBXGroup section */
		234B49AC27C03D580067C98A /* FontAshot */ = {
			isa = PBXGroup;
			children = (
				233510C027C04D000057C4F0 /* FiraCode-Bold.ttf */,
				233510BF27C04D000057C4F0 /* FiraCode-Light.ttf */,
				233510BE27C04D000057C4F0 /* FiraCode-Medium.ttf */,
				233510C127C04D000057C4F0 /* FiraCode-Regular.ttf */,
				233510C227C04D000057C4F0 /* FiraCode-SemiBold.ttf */,
			);
			path = FontAshot;
			sourceTree = "<group>";
		};
		2363BC6F2825029100DF5847 /* Just in case */ = {
			isa = PBXGroup;
			children = (
				23F9286B27C0C646004B1BDD /* AddToDoView.swift */,
			);
			path = "Just in case";
			sourceTree = "<group>";
		};
		236796DE27C3FC630040899A /* Extensions */ = {
			isa = PBXGroup;
			children = (
				2354EED227C3576C002FAEF0 /* Date+Minus.swift */,
				23DFBC5D27BA30D1006BC799 /* TextField+ClearButton.swift */,
				234B49AA27C03CA20067C98A /* FontAshot.swift */,
			);
			path = Extensions;
			sourceTree = "<group>";
		};
		23CA6930279D2AB0001F5D24 = {
			isa = PBXGroup;
			children = (
				23CA693B279D2AB0001F5D24 /* Todotik */,
				23CA693A279D2AB0001F5D24 /* Products */,
			);
			sourceTree = "<group>";
		};
		23CA693A279D2AB0001F5D24 /* Products */ = {
			isa = PBXGroup;
			children = (
				23CA6939279D2AB0001F5D24 /* Todotik.app */,
			);
			name = Products;
			sourceTree = "<group>";
		};
		23CA693B279D2AB0001F5D24 /* Todotik */ = {
			isa = PBXGroup;
			children = (
				23CA693C279D2AB0001F5D24 /* TodotikApp.swift */,
				23DF8042279F255500440AEB /* ToDo.swift */,
				23DF8044279F256400440AEB /* Todotik.swift */,
				23CA693E279D2AB0001F5D24 /* TodotikView.swift */,
				2339FA71280BB9C7008E7825 /* ToDoObjectEditor.swift */,
				23CA6940279D2AB1001F5D24 /* Assets.xcassets */,
				2363BC6F2825029100DF5847 /* Just in case */,
				236796DE27C3FC630040899A /* Extensions */,
				234B49AC27C03D580067C98A /* FontAshot */,
				23CA6942279D2AB1001F5D24 /* Preview Content */,
			);
			path = Todotik;
			sourceTree = "<group>";
		};
		23CA6942279D2AB1001F5D24 /* Preview Content */ = {
			isa = PBXGroup;
			children = (
				23CA6943279D2AB1001F5D24 /* Preview Assets.xcassets */,
			);
			path = "Preview Content";
			sourceTree = "<group>";
		};
/* End PBXGroup section */

/* Begin PBXNativeTarget section */
		23CA6938279D2AB0001F5D24 /* Todotik */ = {
			isa = PBXNativeTarget;
			buildConfigurationList = 23CA6947279D2AB1001F5D24 /* Build configuration list for PBXNativeTarget "Todotik" */;
			buildPhases = (
				23CA6935279D2AB0001F5D24 /* Sources */,
				23CA6936279D2AB0001F5D24 /* Frameworks */,
				23CA6937279D2AB0001F5D24 /* Resources */,
			);
			buildRules = (
			);
			dependencies = (
			);
			name = Todotik;
			productName = EssenceToDo;
			productReference = 23CA6939279D2AB0001F5D24 /* Todotik.app */;
			productType = "com.apple.product-type.application";
		};
/* End PBXNativeTarget section */

/* Begin PBXProject section */
		23CA6931279D2AB0001F5D24 /* Project object */ = {
			isa = PBXProject;
			attributes = {
				BuildIndependentTargetsInParallel = 1;
				LastSwiftUpdateCheck = 1320;
				LastUpgradeCheck = 1320;
				TargetAttributes = {
					23CA6938279D2AB0001F5D24 = {
						CreatedOnToolsVersion = 13.2.1;
					};
				};
			};
			buildConfigurationList = 23CA6934279D2AB0001F5D24 /* Build configuration list for PBXProject "Todotik" */;
			compatibilityVersion = "Xcode 6.3";
			developmentRegion = en;
			hasScannedForEncodings = 0;
			knownRegions = (
				en,
				Base,
			);
			mainGroup = 23CA6930279D2AB0001F5D24;
			productRefGroup = 23CA693A279D2AB0001F5D24 /* Products */;
			projectDirPath = "";
			projectRoot = "";
			targets = (
				23CA6938279D2AB0001F5D24 /* Todotik */,
			);
		};
/* End PBXProject section */

/* Begin PBXResourcesBuildPhase section */
		23CA6937279D2AB0001F5D24 /* Resources */ = {
			isa = PBXResourcesBuildPhase;
			buildActionMask = 2147483647;
			files = (
				233510C527C04D000057C4F0 /* FiraCode-Bold.ttf in Resources */,
				233510C727C04D000057C4F0 /* FiraCode-SemiBold.ttf in Resources */,
				233510C427C04D000057C4F0 /* FiraCode-Light.ttf in Resources */,
				23CA6944279D2AB1001F5D24 /* Preview Assets.xcassets in Resources */,
				23CA6941279D2AB1001F5D24 /* Assets.xcassets in Resources */,
				233510C627C04D000057C4F0 /* FiraCode-Regular.ttf in Resources */,
				233510C327C04D000057C4F0 /* FiraCode-Medium.ttf in Resources */,
			);
			runOnlyForDeploymentPostprocessing = 0;
		};
/* End PBXResourcesBuildPhase section */

/* Begin PBXSourcesBuildPhase section */
		23CA6935279D2AB0001F5D24 /* Sources */ = {
			isa = PBXSourcesBuildPhase;
			buildActionMask = 2147483647;
			files = (
				23DF8045279F256400440AEB /* Todotik.swift in Sources */,
				23DFBC5E27BA30D1006BC799 /* TextField+ClearButton.swift in Sources */,
				234B49AB27C03CA20067C98A /* FontAshot.swift in Sources */,
				2354EED327C3576C002FAEF0 /* Date+Minus.swift in Sources */,
				23DF8043279F255500440AEB /* ToDo.swift in Sources */,
				23CA693F279D2AB0001F5D24 /* TodotikView.swift in Sources */,
				2339FA72280BB9C7008E7825 /* ToDoObjectEditor.swift in Sources */,
				23F9286C27C0C646004B1BDD /* AddToDoView.swift in Sources */,
				23CA693D279D2AB0001F5D24 /* TodotikApp.swift in Sources */,
			);
			runOnlyForDeploymentPostprocessing = 0;
		};
/* End PBXSourcesBuildPhase section */

/* Begin XCBuildConfiguration section */
		23CA6945279D2AB1001F5D24 /* Debug */ = {
			isa = XCBuildConfiguration;
			buildSettings = {
				ALWAYS_SEARCH_USER_PATHS = NO;
				CLANG_ANALYZER_NONNULL = YES;
				CLANG_ANALYZER_NUMBER_OBJECT_CONVERSION = YES_AGGRESSIVE;
				CLANG_CXX_LANGUAGE_STANDARD = "gnu++17";
				CLANG_CXX_LIBRARY = "libc++";
				CLANG_ENABLE_MODULES = YES;
				CLANG_ENABLE_OBJC_ARC = YES;
				CLANG_ENABLE_OBJC_WEAK = YES;
				CLANG_WARN_BLOCK_CAPTURE_AUTORELEASING = YES;
				CLANG_WARN_BOOL_CONVERSION = YES;
				CLANG_WARN_COMMA = YES;
				CLANG_WARN_CONSTANT_CONVERSION = YES;
				CLANG_WARN_DEPRECATED_OBJC_IMPLEMENTATIONS = YES;
				CLANG_WARN_DIRECT_OBJC_ISA_USAGE = YES_ERROR;
				CLANG_WARN_DOCUMENTATION_COMMENTS = YES;
				CLANG_WARN_EMPTY_BODY = YES;
				CLANG_WARN_ENUM_CONVERSION = YES;
				CLANG_WARN_INFINITE_RECURSION = YES;
				CLANG_WARN_INT_CONVERSION = YES;
				CLANG_WARN_NON_LITERAL_NULL_CONVERSION = YES;
				CLANG_WARN_OBJC_IMPLICIT_RETAIN_SELF = YES;
				CLANG_WARN_OBJC_LITERAL_CONVERSION = YES;
				CLANG_WARN_OBJC_ROOT_CLASS = YES_ERROR;
				CLANG_WARN_QUOTED_INCLUDE_IN_FRAMEWORK_HEADER = YES;
				CLANG_WARN_RANGE_LOOP_ANALYSIS = YES;
				CLANG_WARN_STRICT_PROTOTYPES = YES;
				CLANG_WARN_SUSPICIOUS_MOVE = YES;
				CLANG_WARN_UNGUARDED_AVAILABILITY = YES_AGGRESSIVE;
				CLANG_WARN_UNREACHABLE_CODE = YES;
				CLANG_WARN__DUPLICATE_METHOD_MATCH = YES;
				COPY_PHASE_STRIP = NO;
				DEBUG_INFORMATION_FORMAT = dwarf;
				ENABLE_STRICT_OBJC_MSGSEND = YES;
				ENABLE_TESTABILITY = YES;
				GCC_C_LANGUAGE_STANDARD = gnu11;
				GCC_DYNAMIC_NO_PIC = NO;
				GCC_NO_COMMON_BLOCKS = YES;
				GCC_OPTIMIZATION_LEVEL = 0;
				GCC_PREPROCESSOR_DEFINITIONS = (
					"DEBUG=1",
					"$(inherited)",
				);
				GCC_WARN_64_TO_32_BIT_CONVERSION = YES;
				GCC_WARN_ABOUT_RETURN_TYPE = YES_ERROR;
				GCC_WARN_UNDECLARED_SELECTOR = YES;
				GCC_WARN_UNINITIALIZED_AUTOS = YES_AGGRESSIVE;
				GCC_WARN_UNUSED_FUNCTION = YES;
				GCC_WARN_UNUSED_VARIABLE = YES;
				IPHONEOS_DEPLOYMENT_TARGET = 10.0;
				MTL_ENABLE_DEBUG_INFO = INCLUDE_SOURCE;
				MTL_FAST_MATH = YES;
				ONLY_ACTIVE_ARCH = YES;
				SDKROOT = iphoneos;
				SWIFT_ACTIVE_COMPILATION_CONDITIONS = DEBUG;
				SWIFT_OPTIMIZATION_LEVEL = "-Onone";
			};
			name = Debug;
		};
		23CA6946279D2AB1001F5D24 /* Release */ = {
			isa = XCBuildConfiguration;
			buildSettings = {
				ALWAYS_SEARCH_USER_PATHS = NO;
				CLANG_ANALYZER_NONNULL = YES;
				CLANG_ANALYZER_NUMBER_OBJECT_CONVERSION = YES_AGGRESSIVE;
				CLANG_CXX_LANGUAGE_STANDARD = "gnu++17";
				CLANG_CXX_LIBRARY = "libc++";
				CLANG_ENABLE_MODULES = YES;
				CLANG_ENABLE_OBJC_ARC = YES;
				CLANG_ENABLE_OBJC_WEAK = YES;
				CLANG_WARN_BLOCK_CAPTURE_AUTORELEASING = YES;
				CLANG_WARN_BOOL_CONVERSION = YES;
				CLANG_WARN_COMMA = YES;
				CLANG_WARN_CONSTANT_CONVERSION = YES;
				CLANG_WARN_DEPRECATED_OBJC_IMPLEMENTATIONS = YES;
				CLANG_WARN_DIRECT_OBJC_ISA_USAGE = YES_ERROR;
				CLANG_WARN_DOCUMENTATION_COMMENTS = YES;
				CLANG_WARN_EMPTY_BODY = YES;
				CLANG_WARN_ENUM_CONVERSION = YES;
				CLANG_WARN_INFINITE_RECURSION = YES;
				CLANG_WARN_INT_CONVERSION = YES;
				CLANG_WARN_NON_LITERAL_NULL_CONVERSION = YES;
				CLANG_WARN_OBJC_IMPLICIT_RETAIN_SELF = YES;
				CLANG_WARN_OBJC_LITERAL_CONVERSION = YES;
				CLANG_WARN_OBJC_ROOT_CLASS = YES_ERROR;
				CLANG_WARN_QUOTED_INCLUDE_IN_FRAMEWORK_HEADER = YES;
				CLANG_WARN_RANGE_LOOP_ANALYSIS = YES;
				CLANG_WARN_STRICT_PROTOTYPES = YES;
				CLANG_WARN_SUSPICIOUS_MOVE = YES;
				CLANG_WARN_UNGUARDED_AVAILABILITY = YES_AGGRESSIVE;
				CLANG_WARN_UNREACHABLE_CODE = YES;
				CLANG_WARN__DUPLICATE_METHOD_MATCH = YES;
				COPY_PHASE_STRIP = NO;
				DEBUG_INFORMATION_FORMAT = "dwarf-with-dsym";
				ENABLE_NS_ASSERTIONS = NO;
				ENABLE_STRICT_OBJC_MSGSEND = YES;
				GCC_C_LANGUAGE_STANDARD = gnu11;
				GCC_NO_COMMON_BLOCKS = YES;
				GCC_WARN_64_TO_32_BIT_CONVERSION = YES;
				GCC_WARN_ABOUT_RETURN_TYPE = YES_ERROR;
				GCC_WARN_UNDECLARED_SELECTOR = YES;
				GCC_WARN_UNINITIALIZED_AUTOS = YES_AGGRESSIVE;
				GCC_WARN_UNUSED_FUNCTION = YES;
				GCC_WARN_UNUSED_VARIABLE = YES;
				IPHONEOS_DEPLOYMENT_TARGET = 10.0;
				MTL_ENABLE_DEBUG_INFO = NO;
				MTL_FAST_MATH = YES;
				SDKROOT = iphoneos;
				SWIFT_COMPILATION_MODE = wholemodule;
				SWIFT_OPTIMIZATION_LEVEL = "-O";
				VALIDATE_PRODUCT = YES;
			};
			name = Release;
		};
		23CA6948279D2AB1001F5D24 /* Debug */ = {
			isa = XCBuildConfiguration;
			buildSettings = {
				ASSETCATALOG_COMPILER_APPICON_NAME = AppIcon;
				ASSETCATALOG_COMPILER_GLOBAL_ACCENT_COLOR_NAME = AccentColor;
				CODE_SIGN_STYLE = Automatic;
				CURRENT_PROJECT_VERSION = 1;
				DEVELOPMENT_ASSET_PATHS = "\"Todotik/Preview Content\"";
				DEVELOPMENT_TEAM = P73F9D2RY2;
				ENABLE_PREVIEWS = YES;
				GENERATE_INFOPLIST_FILE = YES;
				INFOPLIST_FILE = Todotik/Info.plist;
				INFOPLIST_KEY_UIApplicationSceneManifest_Generation = YES;
				INFOPLIST_KEY_UIApplicationSupportsIndirectInputEvents = YES;
				INFOPLIST_KEY_UILaunchScreen_Generation = YES;
				INFOPLIST_KEY_UISupportedInterfaceOrientations_iPad = "UIInterfaceOrientationPortrait UIInterfaceOrientationPortraitUpsideDown UIInterfaceOrientationLandscapeLeft UIInterfaceOrientationLandscapeRight";
				INFOPLIST_KEY_UISupportedInterfaceOrientations_iPhone = "UIInterfaceOrientationPortrait UIInterfaceOrientationLandscapeLeft UIInterfaceOrientationLandscapeRight";
				IPHONEOS_DEPLOYMENT_TARGET = 15.0;
				LD_RUNPATH_SEARCH_PATHS = (
					"$(inherited)",
					"@executable_path/Frameworks",
				);
				MARKETING_VERSION = 1.0;
				PRODUCT_BUNDLE_IDENTIFIER = com.simanerush.Todotik;
				PRODUCT_NAME = "$(TARGET_NAME)";
				SWIFT_EMIT_LOC_STRINGS = YES;
				SWIFT_VERSION = 5.0;
				TARGETED_DEVICE_FAMILY = "1,2";
			};
			name = Debug;
		};
		23CA6949279D2AB1001F5D24 /* Release */ = {
			isa = XCBuildConfiguration;
			buildSettings = {
				ASSETCATALOG_COMPILER_APPICON_NAME = AppIcon;
				ASSETCATALOG_COMPILER_GLOBAL_ACCENT_COLOR_NAME = AccentColor;
				CODE_SIGN_STYLE = Automatic;
				CURRENT_PROJECT_VERSION = 1;
				DEVELOPMENT_ASSET_PATHS = "\"Todotik/Preview Content\"";
				DEVELOPMENT_TEAM = P73F9D2RY2;
				ENABLE_PREVIEWS = YES;
				GENERATE_INFOPLIST_FILE = YES;
				INFOPLIST_FILE = Todotik/Info.plist;
				INFOPLIST_KEY_UIApplicationSceneManifest_Generation = YES;
				INFOPLIST_KEY_UIApplicationSupportsIndirectInputEvents = YES;
				INFOPLIST_KEY_UILaunchScreen_Generation = YES;
				INFOPLIST_KEY_UISupportedInterfaceOrientations_iPad = "UIInterfaceOrientationPortrait UIInterfaceOrientationPortraitUpsideDown UIInterfaceOrientationLandscapeLeft UIInterfaceOrientationLandscapeRight";
				INFOPLIST_KEY_UISupportedInterfaceOrientations_iPhone = "UIInterfaceOrientationPortrait UIInterfaceOrientationLandscapeLeft UIInterfaceOrientationLandscapeRight";
				IPHONEOS_DEPLOYMENT_TARGET = 15.0;
				LD_RUNPATH_SEARCH_PATHS = (
					"$(inherited)",
					"@executable_path/Frameworks",
				);
				MARKETING_VERSION = 1.0;
				PRODUCT_BUNDLE_IDENTIFIER = com.simanerush.Todotik;
				PRODUCT_NAME = "$(TARGET_NAME)";
				SWIFT_EMIT_LOC_STRINGS = YES;
				SWIFT_VERSION = 5.0;
				TARGETED_DEVICE_FAMILY = "1,2";
			};
			name = Release;
		};
/* End XCBuildConfiguration section */

/* Begin XCConfigurationList section */
		23CA6934279D2AB0001F5D24 /* Build configuration list for PBXProject "Todotik" */ = {
			isa = XCConfigurationList;
			buildConfigurations = (
				23CA6945279D2AB1001F5D24 /* Debug */,
				23CA6946279D2AB1001F5D24 /* Release */,
			);
			defaultConfigurationIsVisible = 0;
			defaultConfigurationName = Release;
		};
		23CA6947279D2AB1001F5D24 /* Build configuration list for PBXNativeTarget "Todotik" */ = {
			isa = XCConfigurationList;
			buildConfigurations = (
				23CA6948279D2AB1001F5D24 /* Debug */,
				23CA6949279D2AB1001F5D24 /* Release */,
			);
			defaultConfigurationIsVisible = 0;
			defaultConfigurationName = Release;
		};
/* End XCConfigurationList section */
	};
	rootObject = 23CA6931279D2AB0001F5D24 /* Project object */;
}
